
Microsoft Visual Studio Solution File, Format Version 11.00
# Visual Studio 2010
Project("{F2A71F9B-5D33-465A-A702-920D77279786}") = "if-ws-modernizr", "if-ws-html5\if-ws-modernizr.fsproj", "{0316AE4E-7274-4686-B5BA-F0FBA796BC4F}"
EndProject
Global
	GlobalSection(SolutionConfigurationPlatforms) = preSolution
		Debug|Any CPU = Debug|Any CPU
		Release|Any CPU = Release|Any CPU
	EndGlobalSection
	GlobalSection(ProjectConfigurationPlatforms) = postSolution
		{0316AE4E-7274-4686-B5BA-F0FBA796BC4F}.Debug|Any CPU.ActiveCfg = Debug|Any CPU
		{0316AE4E-7274-4686-B5BA-F0FBA796BC4F}.Debug|Any CPU.Build.0 = Debug|Any CPU
		{0316AE4E-7274-4686-B5BA-F0FBA796BC4F}.Release|Any CPU.ActiveCfg = Release|Any CPU
		{0316AE4E-7274-4686-B5BA-F0FBA796BC4F}.Release|Any CPU.Build.0 = Release|Any CPU
	EndGlobalSection
	GlobalSection(SolutionProperties) = preSolution
		HideSolutionNode = FALSE
	EndGlobalSection
EndGlobal
