
Microsoft Visual Studio Solution File, Format Version 12.00
# Visual Studio 2012
Project("{F2A71F9B-5D33-465A-A702-920D77279786}") = "IntelliFactory.WebSharper.Modernizr", "if-ws-modernizr\IntelliFactory.WebSharper.Modernizr.fsproj", "{235A0D62-E0C5-44E5-AEC1-3F59A4CD760C}"
EndProject
Project("{2150E333-8FDC-42A3-9474-1A3956D46DE8}") = "Solution Items", "Solution Items", "{9A337057-807C-46E4-B796-75652749BE2E}"
	ProjectSection(SolutionItems) = preProject
		ivy.xml = ivy.xml
	EndProjectSection
EndProject
Project("{FAE04EC0-301F-11D3-BF4B-00C04F79EFBC}") = "Web", "web\Web.csproj", "{F453CB86-F138-4F1B-A87B-93E1B587E16F}"
EndProject
Project("{F2A71F9B-5D33-465A-A702-920D77279786}") = "IntelliFactory.WebSharper.Modernizr.Tests", "if-ws-modernizr-tests\IntelliFactory.WebSharper.Modernizr.Tests.fsproj", "{6BA27DDC-C370-4505-941A-DA3F2860E224}"
EndProject
Global
	GlobalSection(SolutionConfigurationPlatforms) = preSolution
		Debug|Any CPU = Debug|Any CPU
		Release|Any CPU = Release|Any CPU
	EndGlobalSection
	GlobalSection(ProjectConfigurationPlatforms) = postSolution
		{235A0D62-E0C5-44E5-AEC1-3F59A4CD760C}.Debug|Any CPU.ActiveCfg = Debug|Any CPU
		{235A0D62-E0C5-44E5-AEC1-3F59A4CD760C}.Debug|Any CPU.Build.0 = Debug|Any CPU
		{235A0D62-E0C5-44E5-AEC1-3F59A4CD760C}.Release|Any CPU.ActiveCfg = Release|Any CPU
		{235A0D62-E0C5-44E5-AEC1-3F59A4CD760C}.Release|Any CPU.Build.0 = Release|Any CPU
		{F453CB86-F138-4F1B-A87B-93E1B587E16F}.Debug|Any CPU.ActiveCfg = Debug|Any CPU
		{F453CB86-F138-4F1B-A87B-93E1B587E16F}.Debug|Any CPU.Build.0 = Debug|Any CPU
		{F453CB86-F138-4F1B-A87B-93E1B587E16F}.Release|Any CPU.ActiveCfg = Release|Any CPU
		{F453CB86-F138-4F1B-A87B-93E1B587E16F}.Release|Any CPU.Build.0 = Release|Any CPU
		{6BA27DDC-C370-4505-941A-DA3F2860E224}.Debug|Any CPU.ActiveCfg = Debug|Any CPU
		{6BA27DDC-C370-4505-941A-DA3F2860E224}.Debug|Any CPU.Build.0 = Debug|Any CPU
		{6BA27DDC-C370-4505-941A-DA3F2860E224}.Release|Any CPU.ActiveCfg = Release|Any CPU
		{6BA27DDC-C370-4505-941A-DA3F2860E224}.Release|Any CPU.Build.0 = Release|Any CPU
	EndGlobalSection
	GlobalSection(SolutionProperties) = preSolution
		HideSolutionNode = FALSE
	EndGlobalSection
EndGlobal
